
Microsoft Visual Studio Solution File, Format Version 12.00
# Visual Studio 15
VisualStudioVersion = 15.0.28307.1525
MinimumVisualStudioVersion = 10.0.40219.1
Project("{FAE04EC0-301F-11D3-BF4B-00C04F79EFBC}") = "SlackProfile", "SlackProfile\SlackProfile.csproj", "{D99D6BB3-2600-4E09-86C2-70E7A4921483}"
EndProject
Global
	GlobalSection(SolutionConfigurationPlatforms) = preSolution
		Debug|Any CPU = Debug|Any CPU
		Release|Any CPU = Release|Any CPU
	EndGlobalSection
	GlobalSection(ProjectConfigurationPlatforms) = postSolution
		{D99D6BB3-2600-4E09-86C2-70E7A4921483}.Debug|Any CPU.ActiveCfg = Debug|Any CPU
		{D99D6BB3-2600-4E09-86C2-70E7A4921483}.Debug|Any CPU.Build.0 = Debug|Any CPU
		{D99D6BB3-2600-4E09-86C2-70E7A4921483}.Release|Any CPU.ActiveCfg = Release|Any CPU
		{D99D6BB3-2600-4E09-86C2-70E7A4921483}.Release|Any CPU.Build.0 = Release|Any CPU
	EndGlobalSection
	GlobalSection(SolutionProperties) = preSolution
		HideSolutionNode = FALSE
	EndGlobalSection
	GlobalSection(ExtensibilityGlobals) = postSolution
		SolutionGuid = {99716E30-EDF5-40DA-A4B1-F595F26D7875}
	EndGlobalSection
EndGlobal
